// !$*UTF8*$!
{
	archiveVersion = 1;
	classes = {
	};
	objectVersion = 56;
	objects = {

/* Begin PBXBuildFile section */
		661ED8682BAF4AD100DC5E0F /* AllerEApp.swift in Sources */ = {isa = PBXBuildFile; fileRef = 661ED8672BAF4AD100DC5E0F /* AllerEApp.swift */; };
		661ED86A2BAF4AD100DC5E0F /* ContentView.swift in Sources */ = {isa = PBXBuildFile; fileRef = 661ED8692BAF4AD100DC5E0F /* ContentView.swift */; };
		661ED86C2BAF4AD400DC5E0F /* Assets.xcassets in Resources */ = {isa = PBXBuildFile; fileRef = 661ED86B2BAF4AD400DC5E0F /* Assets.xcassets */; };
		661ED86F2BAF4AD400DC5E0F /* Preview Assets.xcassets in Resources */ = {isa = PBXBuildFile; fileRef = 661ED86E2BAF4AD400DC5E0F /* Preview Assets.xcassets */; };
		661ED8792BAF4AD400DC5E0F /* AllerETests.swift in Sources */ = {isa = PBXBuildFile; fileRef = 661ED8782BAF4AD400DC5E0F /* AllerETests.swift */; };
		661ED8832BAF4AD400DC5E0F /* AllerEUITests.swift in Sources */ = {isa = PBXBuildFile; fileRef = 661ED8822BAF4AD400DC5E0F /* AllerEUITests.swift */; };
		661ED8852BAF4AD400DC5E0F /* AllerEUITestsLaunchTests.swift in Sources */ = {isa = PBXBuildFile; fileRef = 661ED8842BAF4AD400DC5E0F /* AllerEUITestsLaunchTests.swift */; };
		661ED8922BAF894800DC5E0F /* main.py in Resources */ = {isa = PBXBuildFile; fileRef = 661ED8912BAF894800DC5E0F /* main.py */; };
		661ED8942BAF931D00DC5E0F /* aller_data.py in Resources */ = {isa = PBXBuildFile; fileRef = 661ED8932BAF931D00DC5E0F /* aller_data.py */; };
		661ED89F2BAFC8F500DC5E0F /* PythonKit in Frameworks */ = {isa = PBXBuildFile; productRef = 661ED89E2BAFC8F500DC5E0F /* PythonKit */; };
		66D1EAEF2BAFD05500202996 /* allergy_check.py in Resources */ = {isa = PBXBuildFile; fileRef = 66D1EAEE2BAFD05500202996 /* allergy_check.py */; };
		66D1EAF12BAFD06100202996 /* get_allergens.py in Resources */ = {isa = PBXBuildFile; fileRef = 66D1EAF02BAFD06100202996 /* get_allergens.py */; };
/* End PBXBuildFile section */

/* Begin PBXContainerItemProxy section */
		661ED8752BAF4AD400DC5E0F /* PBXContainerItemProxy */ = {
			isa = PBXContainerItemProxy;
			containerPortal = 661ED85C2BAF4AD100DC5E0F /* Project object */;
			proxyType = 1;
			remoteGlobalIDString = 661ED8632BAF4AD100DC5E0F;
			remoteInfo = AllerE;
		};
		661ED87F2BAF4AD400DC5E0F /* PBXContainerItemProxy */ = {
			isa = PBXContainerItemProxy;
			containerPortal = 661ED85C2BAF4AD100DC5E0F /* Project object */;
			proxyType = 1;
			remoteGlobalIDString = 661ED8632BAF4AD100DC5E0F;
			remoteInfo = AllerE;
		};
/* End PBXContainerItemProxy section */

/* Begin PBXFileReference section */
		661ED8642BAF4AD100DC5E0F /* AllerE.app */ = {isa = PBXFileReference; explicitFileType = wrapper.application; includeInIndex = 0; path = AllerE.app; sourceTree = BUILT_PRODUCTS_DIR; };
		661ED8672BAF4AD100DC5E0F /* AllerEApp.swift */ = {isa = PBXFileReference; lastKnownFileType = sourcecode.swift; path = AllerEApp.swift; sourceTree = "<group>"; };
		661ED8692BAF4AD100DC5E0F /* ContentView.swift */ = {isa = PBXFileReference; lastKnownFileType = sourcecode.swift; name = ContentView.swift; path = ../../../../../../../../../Users/pragnasrivellanki/Desktop/AllerE/AllerE/ContentView.swift; sourceTree = SDKROOT; };
		661ED86B2BAF4AD400DC5E0F /* Assets.xcassets */ = {isa = PBXFileReference; lastKnownFileType = folder.assetcatalog; path = Assets.xcassets; sourceTree = "<group>"; };
		661ED86E2BAF4AD400DC5E0F /* Preview Assets.xcassets */ = {isa = PBXFileReference; lastKnownFileType = folder.assetcatalog; path = "Preview Assets.xcassets"; sourceTree = "<group>"; };
		661ED8742BAF4AD400DC5E0F /* AllerETests.xctest */ = {isa = PBXFileReference; explicitFileType = wrapper.cfbundle; includeInIndex = 0; path = AllerETests.xctest; sourceTree = BUILT_PRODUCTS_DIR; };
		661ED8782BAF4AD400DC5E0F /* AllerETests.swift */ = {isa = PBXFileReference; lastKnownFileType = sourcecode.swift; path = AllerETests.swift; sourceTree = "<group>"; };
		661ED87E2BAF4AD400DC5E0F /* AllerEUITests.xctest */ = {isa = PBXFileReference; explicitFileType = wrapper.cfbundle; includeInIndex = 0; path = AllerEUITests.xctest; sourceTree = BUILT_PRODUCTS_DIR; };
		661ED8822BAF4AD400DC5E0F /* AllerEUITests.swift */ = {isa = PBXFileReference; lastKnownFileType = sourcecode.swift; path = AllerEUITests.swift; sourceTree = "<group>"; };
		661ED8842BAF4AD400DC5E0F /* AllerEUITestsLaunchTests.swift */ = {isa = PBXFileReference; lastKnownFileType = sourcecode.swift; path = AllerEUITestsLaunchTests.swift; sourceTree = "<group>"; };
		661ED8912BAF894800DC5E0F /* main.py */ = {isa = PBXFileReference; fileEncoding = 4; lastKnownFileType = text.script.python; path = main.py; sourceTree = "<group>"; };
		661ED8932BAF931D00DC5E0F /* aller_data.py */ = {isa = PBXFileReference; fileEncoding = 4; lastKnownFileType = text.script.python; path = aller_data.py; sourceTree = "<group>"; };
		661ED8992BAFC7F100DC5E0F /* Python3.framework */ = {isa = PBXFileReference; lastKnownFileType = wrapper.framework; name = Python3.framework; path = Library/Frameworks/Python3.framework; sourceTree = DEVELOPER_DIR; };
		66D1EAEE2BAFD05500202996 /* allergy_check.py */ = {isa = PBXFileReference; fileEncoding = 4; lastKnownFileType = text.script.python; path = allergy_check.py; sourceTree = "<group>"; };
		66D1EAF02BAFD06100202996 /* get_allergens.py */ = {isa = PBXFileReference; fileEncoding = 4; lastKnownFileType = text.script.python; path = get_allergens.py; sourceTree = "<group>"; };
/* End PBXFileReference section */

/* Begin PBXFrameworksBuildPhase section */
		661ED8612BAF4AD100DC5E0F /* Frameworks */ = {
			isa = PBXFrameworksBuildPhase;
			buildActionMask = 2147483647;
			files = (
				661ED89F2BAFC8F500DC5E0F /* PythonKit in Frameworks */,
			);
			runOnlyForDeploymentPostprocessing = 0;
		};
		661ED8712BAF4AD400DC5E0F /* Frameworks */ = {
			isa = PBXFrameworksBuildPhase;
			buildActionMask = 2147483647;
			files = (
			);
			runOnlyForDeploymentPostprocessing = 0;
		};
		661ED87B2BAF4AD400DC5E0F /* Frameworks */ = {
			isa = PBXFrameworksBuildPhase;
			buildActionMask = 2147483647;
			files = (
			);
			runOnlyForDeploymentPostprocessing = 0;
		};
/* End PBXFrameworksBuildPhase section */

/* Begin PBXGroup section */
		661ED85B2BAF4AD100DC5E0F = {
			isa = PBXGroup;
			children = (
				661ED8662BAF4AD100DC5E0F /* AllerE */,
				661ED8772BAF4AD400DC5E0F /* AllerETests */,
				661ED8812BAF4AD400DC5E0F /* AllerEUITests */,
				661ED8652BAF4AD100DC5E0F /* Products */,
				661ED8982BAFC7F100DC5E0F /* Frameworks */,
			);
			sourceTree = "<group>";
		};
		661ED8652BAF4AD100DC5E0F /* Products */ = {
			isa = PBXGroup;
			children = (
				661ED8642BAF4AD100DC5E0F /* AllerE.app */,
				661ED8742BAF4AD400DC5E0F /* AllerETests.xctest */,
				661ED87E2BAF4AD400DC5E0F /* AllerEUITests.xctest */,
			);
			name = Products;
			sourceTree = "<group>";
		};
		661ED8662BAF4AD100DC5E0F /* AllerE */ = {
			isa = PBXGroup;
			children = (
				661ED8672BAF4AD100DC5E0F /* AllerEApp.swift */,
				661ED8692BAF4AD100DC5E0F /* ContentView.swift */,
				661ED8912BAF894800DC5E0F /* main.py */,
				66D1EAF02BAFD06100202996 /* get_allergens.py */,
				66D1EAEE2BAFD05500202996 /* allergy_check.py */,
				661ED8932BAF931D00DC5E0F /* aller_data.py */,
				661ED86B2BAF4AD400DC5E0F /* Assets.xcassets */,
				661ED86D2BAF4AD400DC5E0F /* Preview Content */,
			);
			path = AllerE;
			sourceTree = "<group>";
		};
		661ED86D2BAF4AD400DC5E0F /* Preview Content */ = {
			isa = PBXGroup;
			children = (
				661ED86E2BAF4AD400DC5E0F /* Preview Assets.xcassets */,
			);
			path = "Preview Content";
			sourceTree = "<group>";
		};
		661ED8772BAF4AD400DC5E0F /* AllerETests */ = {
			isa = PBXGroup;
			children = (
				661ED8782BAF4AD400DC5E0F /* AllerETests.swift */,
			);
			path = AllerETests;
			sourceTree = "<group>";
		};
		661ED8812BAF4AD400DC5E0F /* AllerEUITests */ = {
			isa = PBXGroup;
			children = (
				661ED8822BAF4AD400DC5E0F /* AllerEUITests.swift */,
				661ED8842BAF4AD400DC5E0F /* AllerEUITestsLaunchTests.swift */,
			);
			path = AllerEUITests;
			sourceTree = "<group>";
		};
		661ED8982BAFC7F100DC5E0F /* Frameworks */ = {
			isa = PBXGroup;
			children = (
				661ED8992BAFC7F100DC5E0F /* Python3.framework */,
			);
			name = Frameworks;
			sourceTree = "<group>";
		};
/* End PBXGroup section */

/* Begin PBXNativeTarget section */
		661ED8632BAF4AD100DC5E0F /* AllerE */ = {
			isa = PBXNativeTarget;
			buildConfigurationList = 661ED8882BAF4AD400DC5E0F /* Build configuration list for PBXNativeTarget "AllerE" */;
			buildPhases = (
				661ED8602BAF4AD100DC5E0F /* Sources */,
				661ED8612BAF4AD100DC5E0F /* Frameworks */,
				661ED8622BAF4AD100DC5E0F /* Resources */,
			);
			buildRules = (
			);
			dependencies = (
			);
			name = AllerE;
			packageProductDependencies = (
				661ED89E2BAFC8F500DC5E0F /* PythonKit */,
			);
			productName = AllerE;
			productReference = 661ED8642BAF4AD100DC5E0F /* AllerE.app */;
			productType = "com.apple.product-type.application";
		};
		661ED8732BAF4AD400DC5E0F /* AllerETests */ = {
			isa = PBXNativeTarget;
			buildConfigurationList = 661ED88B2BAF4AD400DC5E0F /* Build configuration list for PBXNativeTarget "AllerETests" */;
			buildPhases = (
				661ED8702BAF4AD400DC5E0F /* Sources */,
				661ED8712BAF4AD400DC5E0F /* Frameworks */,
				661ED8722BAF4AD400DC5E0F /* Resources */,
			);
			buildRules = (
			);
			dependencies = (
				661ED8762BAF4AD400DC5E0F /* PBXTargetDependency */,
			);
			name = AllerETests;
			productName = AllerETests;
			productReference = 661ED8742BAF4AD400DC5E0F /* AllerETests.xctest */;
			productType = "com.apple.product-type.bundle.unit-test";
		};
		661ED87D2BAF4AD400DC5E0F /* AllerEUITests */ = {
			isa = PBXNativeTarget;
			buildConfigurationList = 661ED88E2BAF4AD400DC5E0F /* Build configuration list for PBXNativeTarget "AllerEUITests" */;
			buildPhases = (
				661ED87A2BAF4AD400DC5E0F /* Sources */,
				661ED87B2BAF4AD400DC5E0F /* Frameworks */,
				661ED87C2BAF4AD400DC5E0F /* Resources */,
			);
			buildRules = (
			);
			dependencies = (
				661ED8802BAF4AD400DC5E0F /* PBXTargetDependency */,
			);
			name = AllerEUITests;
			productName = AllerEUITests;
			productReference = 661ED87E2BAF4AD400DC5E0F /* AllerEUITests.xctest */;
			productType = "com.apple.product-type.bundle.ui-testing";
		};
/* End PBXNativeTarget section */

/* Begin PBXProject section */
		661ED85C2BAF4AD100DC5E0F /* Project object */ = {
			isa = PBXProject;
			attributes = {
				BuildIndependentTargetsInParallel = 1;
				LastSwiftUpdateCheck = 1520;
				LastUpgradeCheck = 1520;
				TargetAttributes = {
					661ED8632BAF4AD100DC5E0F = {
						CreatedOnToolsVersion = 15.2;
					};
					661ED8732BAF4AD400DC5E0F = {
						CreatedOnToolsVersion = 15.2;
						TestTargetID = 661ED8632BAF4AD100DC5E0F;
					};
					661ED87D2BAF4AD400DC5E0F = {
						CreatedOnToolsVersion = 15.2;
						TestTargetID = 661ED8632BAF4AD100DC5E0F;
					};
				};
			};
			buildConfigurationList = 661ED85F2BAF4AD100DC5E0F /* Build configuration list for PBXProject "AllerE" */;
			compatibilityVersion = "Xcode 14.0";
			developmentRegion = en;
			hasScannedForEncodings = 0;
			knownRegions = (
				en,
				Base,
			);
			mainGroup = 661ED85B2BAF4AD100DC5E0F;
			packageReferences = (
				661ED89D2BAFC8F500DC5E0F /* XCRemoteSwiftPackageReference "PythonKit" */,
			);
			productRefGroup = 661ED8652BAF4AD100DC5E0F /* Products */;
			projectDirPath = "";
			projectRoot = "";
			targets = (
				661ED8632BAF4AD100DC5E0F /* AllerE */,
				661ED8732BAF4AD400DC5E0F /* AllerETests */,
				661ED87D2BAF4AD400DC5E0F /* AllerEUITests */,
			);
		};
/* End PBXProject section */

/* Begin PBXResourcesBuildPhase section */
		661ED8622BAF4AD100DC5E0F /* Resources */ = {
			isa = PBXResourcesBuildPhase;
			buildActionMask = 2147483647;
			files = (
				661ED8922BAF894800DC5E0F /* main.py in Resources */,
				66D1EAEF2BAFD05500202996 /* allergy_check.py in Resources */,
				661ED8942BAF931D00DC5E0F /* aller_data.py in Resources */,
				661ED86F2BAF4AD400DC5E0F /* Preview Assets.xcassets in Resources */,
				661ED86C2BAF4AD400DC5E0F /* Assets.xcassets in Resources */,
				66D1EAF12BAFD06100202996 /* get_allergens.py in Resources */,
			);
			runOnlyForDeploymentPostprocessing = 0;
		};
		661ED8722BAF4AD400DC5E0F /* Resources */ = {
			isa = PBXResourcesBuildPhase;
			buildActionMask = 2147483647;
			files = (
			);
			runOnlyForDeploymentPostprocessing = 0;
		};
		661ED87C2BAF4AD400DC5E0F /* Resources */ = {
			isa = PBXResourcesBuildPhase;
			buildActionMask = 2147483647;
			files = (
			);
			runOnlyForDeploymentPostprocessing = 0;
		};
/* End PBXResourcesBuildPhase section */

/* Begin PBXSourcesBuildPhase section */
		661ED8602BAF4AD100DC5E0F /* Sources */ = {
			isa = PBXSourcesBuildPhase;
			buildActionMask = 2147483647;
			files = (
				661ED86A2BAF4AD100DC5E0F /* ContentView.swift in Sources */,
				661ED8682BAF4AD100DC5E0F /* AllerEApp.swift in Sources */,
			);
			runOnlyForDeploymentPostprocessing = 0;
		};
		661ED8702BAF4AD400DC5E0F /* Sources */ = {
			isa = PBXSourcesBuildPhase;
			buildActionMask = 2147483647;
			files = (
				661ED8792BAF4AD400DC5E0F /* AllerETests.swift in Sources */,
			);
			runOnlyForDeploymentPostprocessing = 0;
		};
		661ED87A2BAF4AD400DC5E0F /* Sources */ = {
			isa = PBXSourcesBuildPhase;
			buildActionMask = 2147483647;
			files = (
				661ED8832BAF4AD400DC5E0F /* AllerEUITests.swift in Sources */,
				661ED8852BAF4AD400DC5E0F /* AllerEUITestsLaunchTests.swift in Sources */,
			);
			runOnlyForDeploymentPostprocessing = 0;
		};
/* End PBXSourcesBuildPhase section */

/* Begin PBXTargetDependency section */
		661ED8762BAF4AD400DC5E0F /* PBXTargetDependency */ = {
			isa = PBXTargetDependency;
			target = 661ED8632BAF4AD100DC5E0F /* AllerE */;
			targetProxy = 661ED8752BAF4AD400DC5E0F /* PBXContainerItemProxy */;
		};
		661ED8802BAF4AD400DC5E0F /* PBXTargetDependency */ = {
			isa = PBXTargetDependency;
			target = 661ED8632BAF4AD100DC5E0F /* AllerE */;
			targetProxy = 661ED87F2BAF4AD400DC5E0F /* PBXContainerItemProxy */;
		};
/* End PBXTargetDependency section */

/* Begin XCBuildConfiguration section */
		661ED8862BAF4AD400DC5E0F /* Debug */ = {
			isa = XCBuildConfiguration;
			buildSettings = {
				ALWAYS_SEARCH_USER_PATHS = NO;
				ASSETCATALOG_COMPILER_GENERATE_SWIFT_ASSET_SYMBOL_EXTENSIONS = YES;
				CLANG_ANALYZER_NONNULL = YES;
				CLANG_ANALYZER_NUMBER_OBJECT_CONVERSION = YES_AGGRESSIVE;
				CLANG_CXX_LANGUAGE_STANDARD = "gnu++20";
				CLANG_ENABLE_MODULES = YES;
				CLANG_ENABLE_OBJC_ARC = YES;
				CLANG_ENABLE_OBJC_WEAK = YES;
				CLANG_WARN_BLOCK_CAPTURE_AUTORELEASING = YES;
				CLANG_WARN_BOOL_CONVERSION = YES;
				CLANG_WARN_COMMA = YES;
				CLANG_WARN_CONSTANT_CONVERSION = YES;
				CLANG_WARN_DEPRECATED_OBJC_IMPLEMENTATIONS = YES;
				CLANG_WARN_DIRECT_OBJC_ISA_USAGE = YES_ERROR;
				CLANG_WARN_DOCUMENTATION_COMMENTS = YES;
				CLANG_WARN_EMPTY_BODY = YES;
				CLANG_WARN_ENUM_CONVERSION = YES;
				CLANG_WARN_INFINITE_RECURSION = YES;
				CLANG_WARN_INT_CONVERSION = YES;
				CLANG_WARN_NON_LITERAL_NULL_CONVERSION = YES;
				CLANG_WARN_OBJC_IMPLICIT_RETAIN_SELF = YES;
				CLANG_WARN_OBJC_LITERAL_CONVERSION = YES;
				CLANG_WARN_OBJC_ROOT_CLASS = YES_ERROR;
				CLANG_WARN_QUOTED_INCLUDE_IN_FRAMEWORK_HEADER = YES;
				CLANG_WARN_RANGE_LOOP_ANALYSIS = YES;
				CLANG_WARN_STRICT_PROTOTYPES = YES;
				CLANG_WARN_SUSPICIOUS_MOVE = YES;
				CLANG_WARN_UNGUARDED_AVAILABILITY = YES_AGGRESSIVE;
				CLANG_WARN_UNREACHABLE_CODE = YES;
				CLANG_WARN__DUPLICATE_METHOD_MATCH = YES;
				COPY_PHASE_STRIP = NO;
				DEBUG_INFORMATION_FORMAT = dwarf;
				ENABLE_STRICT_OBJC_MSGSEND = YES;
				ENABLE_TESTABILITY = YES;
				ENABLE_USER_SCRIPT_SANDBOXING = YES;
				GCC_C_LANGUAGE_STANDARD = gnu17;
				GCC_DYNAMIC_NO_PIC = NO;
				GCC_NO_COMMON_BLOCKS = YES;
				GCC_OPTIMIZATION_LEVEL = 0;
				GCC_PREPROCESSOR_DEFINITIONS = (
					"DEBUG=1",
					"$(inherited)",
				);
				GCC_WARN_64_TO_32_BIT_CONVERSION = YES;
				GCC_WARN_ABOUT_RETURN_TYPE = YES_ERROR;
				GCC_WARN_UNDECLARED_SELECTOR = YES;
				GCC_WARN_UNINITIALIZED_AUTOS = YES_AGGRESSIVE;
				GCC_WARN_UNUSED_FUNCTION = YES;
				GCC_WARN_UNUSED_VARIABLE = YES;
				IPHONEOS_DEPLOYMENT_TARGET = 17.0;
				LOCALIZATION_PREFERS_STRING_CATALOGS = YES;
				MTL_ENABLE_DEBUG_INFO = INCLUDE_SOURCE;
				MTL_FAST_MATH = YES;
				ONLY_ACTIVE_ARCH = YES;
				SDKROOT = iphoneos;
				SWIFT_ACTIVE_COMPILATION_CONDITIONS = "DEBUG $(inherited)";
				SWIFT_OPTIMIZATION_LEVEL = "-Onone";
			};
			name = Debug;
		};
		661ED8872BAF4AD400DC5E0F /* Release */ = {
			isa = XCBuildConfiguration;
			buildSettings = {
				ALWAYS_SEARCH_USER_PATHS = NO;
				ASSETCATALOG_COMPILER_GENERATE_SWIFT_ASSET_SYMBOL_EXTENSIONS = YES;
				CLANG_ANALYZER_NONNULL = YES;
				CLANG_ANALYZER_NUMBER_OBJECT_CONVERSION = YES_AGGRESSIVE;
				CLANG_CXX_LANGUAGE_STANDARD = "gnu++20";
				CLANG_ENABLE_MODULES = YES;
				CLANG_ENABLE_OBJC_ARC = YES;
				CLANG_ENABLE_OBJC_WEAK = YES;
				CLANG_WARN_BLOCK_CAPTURE_AUTORELEASING = YES;
				CLANG_WARN_BOOL_CONVERSION = YES;
				CLANG_WARN_COMMA = YES;
				CLANG_WARN_CONSTANT_CONVERSION = YES;
				CLANG_WARN_DEPRECATED_OBJC_IMPLEMENTATIONS = YES;
				CLANG_WARN_DIRECT_OBJC_ISA_USAGE = YES_ERROR;
				CLANG_WARN_DOCUMENTATION_COMMENTS = YES;
				CLANG_WARN_EMPTY_BODY = YES;
				CLANG_WARN_ENUM_CONVERSION = YES;
				CLANG_WARN_INFINITE_RECURSION = YES;
				CLANG_WARN_INT_CONVERSION = YES;
				CLANG_WARN_NON_LITERAL_NULL_CONVERSION = YES;
				CLANG_WARN_OBJC_IMPLICIT_RETAIN_SELF = YES;
				CLANG_WARN_OBJC_LITERAL_CONVERSION = YES;
				CLANG_WARN_OBJC_ROOT_CLASS = YES_ERROR;
				CLANG_WARN_QUOTED_INCLUDE_IN_FRAMEWORK_HEADER = YES;
				CLANG_WARN_RANGE_LOOP_ANALYSIS = YES;
				CLANG_WARN_STRICT_PROTOTYPES = YES;
				CLANG_WARN_SUSPICIOUS_MOVE = YES;
				CLANG_WARN_UNGUARDED_AVAILABILITY = YES_AGGRESSIVE;
				CLANG_WARN_UNREACHABLE_CODE = YES;
				CLANG_WARN__DUPLICATE_METHOD_MATCH = YES;
				COPY_PHASE_STRIP = NO;
				DEBUG_INFORMATION_FORMAT = "dwarf-with-dsym";
				ENABLE_NS_ASSERTIONS = NO;
				ENABLE_STRICT_OBJC_MSGSEND = YES;
				ENABLE_USER_SCRIPT_SANDBOXING = YES;
				GCC_C_LANGUAGE_STANDARD = gnu17;
				GCC_NO_COMMON_BLOCKS = YES;
				GCC_WARN_64_TO_32_BIT_CONVERSION = YES;
				GCC_WARN_ABOUT_RETURN_TYPE = YES_ERROR;
				GCC_WARN_UNDECLARED_SELECTOR = YES;
				GCC_WARN_UNINITIALIZED_AUTOS = YES_AGGRESSIVE;
				GCC_WARN_UNUSED_FUNCTION = YES;
				GCC_WARN_UNUSED_VARIABLE = YES;
				IPHONEOS_DEPLOYMENT_TARGET = 17.0;
				LOCALIZATION_PREFERS_STRING_CATALOGS = YES;
				MTL_ENABLE_DEBUG_INFO = NO;
				MTL_FAST_MATH = YES;
				SDKROOT = iphoneos;
				SWIFT_COMPILATION_MODE = wholemodule;
				VALIDATE_PRODUCT = YES;
			};
			name = Release;
		};
		661ED8892BAF4AD400DC5E0F /* Debug */ = {
			isa = XCBuildConfiguration;
			buildSettings = {
				ASSETCATALOG_COMPILER_APPICON_NAME = AppIcon;
				ASSETCATALOG_COMPILER_GLOBAL_ACCENT_COLOR_NAME = AccentColor;
				CODE_SIGN_STYLE = Automatic;
				CURRENT_PROJECT_VERSION = 1;
				DEVELOPMENT_ASSET_PATHS = "\"AllerE/Preview Content\"";
				DEVELOPMENT_TEAM = 4MR97D8627;
				ENABLE_PREVIEWS = YES;
				GENERATE_INFOPLIST_FILE = YES;
				INFOPLIST_KEY_UIApplicationSceneManifest_Generation = YES;
				INFOPLIST_KEY_UIApplicationSupportsIndirectInputEvents = YES;
				INFOPLIST_KEY_UILaunchScreen_Generation = YES;
				INFOPLIST_KEY_UISupportedInterfaceOrientations_iPad = "UIInterfaceOrientationPortrait UIInterfaceOrientationPortraitUpsideDown UIInterfaceOrientationLandscapeLeft UIInterfaceOrientationLandscapeRight";
				INFOPLIST_KEY_UISupportedInterfaceOrientations_iPhone = "UIInterfaceOrientationPortrait UIInterfaceOrientationLandscapeLeft UIInterfaceOrientationLandscapeRight";
				IPHONEOS_DEPLOYMENT_TARGET = 17.0;
				LD_RUNPATH_SEARCH_PATHS = (
					"$(inherited)",
					"@executable_path/Frameworks",
				);
				MARKETING_VERSION = 1.0;
				PRODUCT_BUNDLE_IDENTIFIER = WEHack.AllerE;
				PRODUCT_NAME = "$(TARGET_NAME)";
				SWIFT_EMIT_LOC_STRINGS = YES;
				SWIFT_VERSION = 5.0;
				TARGETED_DEVICE_FAMILY = "1,2";
			};
			name = Debug;
		};
		661ED88A2BAF4AD400DC5E0F /* Release */ = {
			isa = XCBuildConfiguration;
			buildSettings = {
				ASSETCATALOG_COMPILER_APPICON_NAME = AppIcon;
				ASSETCATALOG_COMPILER_GLOBAL_ACCENT_COLOR_NAME = AccentColor;
				CODE_SIGN_STYLE = Automatic;
				CURRENT_PROJECT_VERSION = 1;
				DEVELOPMENT_ASSET_PATHS = "\"AllerE/Preview Content\"";
				DEVELOPMENT_TEAM = 4MR97D8627;
				ENABLE_PREVIEWS = YES;
				GENERATE_INFOPLIST_FILE = YES;
				INFOPLIST_KEY_UIApplicationSceneManifest_Generation = YES;
				INFOPLIST_KEY_UIApplicationSupportsIndirectInputEvents = YES;
				INFOPLIST_KEY_UILaunchScreen_Generation = YES;
				INFOPLIST_KEY_UISupportedInterfaceOrientations_iPad = "UIInterfaceOrientationPortrait UIInterfaceOrientationPortraitUpsideDown UIInterfaceOrientationLandscapeLeft UIInterfaceOrientationLandscapeRight";
				INFOPLIST_KEY_UISupportedInterfaceOrientations_iPhone = "UIInterfaceOrientationPortrait UIInterfaceOrientationLandscapeLeft UIInterfaceOrientationLandscapeRight";
				IPHONEOS_DEPLOYMENT_TARGET = 17.0;
				LD_RUNPATH_SEARCH_PATHS = (
					"$(inherited)",
					"@executable_path/Frameworks",
				);
				MARKETING_VERSION = 1.0;
				PRODUCT_BUNDLE_IDENTIFIER = WEHack.AllerE;
				PRODUCT_NAME = "$(TARGET_NAME)";
				SWIFT_EMIT_LOC_STRINGS = YES;
				SWIFT_VERSION = 5.0;
				TARGETED_DEVICE_FAMILY = "1,2";
			};
			name = Release;
		};
		661ED88C2BAF4AD400DC5E0F /* Debug */ = {
			isa = XCBuildConfiguration;
			buildSettings = {
				ALWAYS_EMBED_SWIFT_STANDARD_LIBRARIES = YES;
				BUNDLE_LOADER = "$(TEST_HOST)";
				CODE_SIGN_STYLE = Automatic;
				CURRENT_PROJECT_VERSION = 1;
				GENERATE_INFOPLIST_FILE = YES;
				IPHONEOS_DEPLOYMENT_TARGET = 17.2;
				MARKETING_VERSION = 1.0;
				PRODUCT_BUNDLE_IDENTIFIER = WEHack.AllerETests;
				PRODUCT_NAME = "$(TARGET_NAME)";
				SWIFT_EMIT_LOC_STRINGS = NO;
				SWIFT_VERSION = 5.0;
				TARGETED_DEVICE_FAMILY = "1,2";
				TEST_HOST = "$(BUILT_PRODUCTS_DIR)/AllerE.app/$(BUNDLE_EXECUTABLE_FOLDER_PATH)/AllerE";
			};
			name = Debug;
		};
		661ED88D2BAF4AD400DC5E0F /* Release */ = {
			isa = XCBuildConfiguration;
			buildSettings = {
				ALWAYS_EMBED_SWIFT_STANDARD_LIBRARIES = YES;
				BUNDLE_LOADER = "$(TEST_HOST)";
				CODE_SIGN_STYLE = Automatic;
				CURRENT_PROJECT_VERSION = 1;
				GENERATE_INFOPLIST_FILE = YES;
				IPHONEOS_DEPLOYMENT_TARGET = 17.2;
				MARKETING_VERSION = 1.0;
				PRODUCT_BUNDLE_IDENTIFIER = WEHack.AllerETests;
				PRODUCT_NAME = "$(TARGET_NAME)";
				SWIFT_EMIT_LOC_STRINGS = NO;
				SWIFT_VERSION = 5.0;
				TARGETED_DEVICE_FAMILY = "1,2";
				TEST_HOST = "$(BUILT_PRODUCTS_DIR)/AllerE.app/$(BUNDLE_EXECUTABLE_FOLDER_PATH)/AllerE";
			};
			name = Release;
		};
		661ED88F2BAF4AD400DC5E0F /* Debug */ = {
			isa = XCBuildConfiguration;
			buildSettings = {
				ALWAYS_EMBED_SWIFT_STANDARD_LIBRARIES = YES;
				CODE_SIGN_STYLE = Automatic;
				CURRENT_PROJECT_VERSION = 1;
				GENERATE_INFOPLIST_FILE = YES;
				MARKETING_VERSION = 1.0;
				PRODUCT_BUNDLE_IDENTIFIER = WEHack.AllerEUITests;
				PRODUCT_NAME = "$(TARGET_NAME)";
				SWIFT_EMIT_LOC_STRINGS = NO;
				SWIFT_VERSION = 5.0;
				TARGETED_DEVICE_FAMILY = "1,2";
				TEST_TARGET_NAME = AllerE;
			};
			name = Debug;
		};
		661ED8902BAF4AD400DC5E0F /* Release */ = {
			isa = XCBuildConfiguration;
			buildSettings = {
				ALWAYS_EMBED_SWIFT_STANDARD_LIBRARIES = YES;
				CODE_SIGN_STYLE = Automatic;
				CURRENT_PROJECT_VERSION = 1;
				GENERATE_INFOPLIST_FILE = YES;
				MARKETING_VERSION = 1.0;
				PRODUCT_BUNDLE_IDENTIFIER = WEHack.AllerEUITests;
				PRODUCT_NAME = "$(TARGET_NAME)";
				SWIFT_EMIT_LOC_STRINGS = NO;
				SWIFT_VERSION = 5.0;
				TARGETED_DEVICE_FAMILY = "1,2";
				TEST_TARGET_NAME = AllerE;
			};
			name = Release;
		};
/* End XCBuildConfiguration section */

/* Begin XCConfigurationList section */
		661ED85F2BAF4AD100DC5E0F /* Build configuration list for PBXProject "AllerE" */ = {
			isa = XCConfigurationList;
			buildConfigurations = (
				661ED8862BAF4AD400DC5E0F /* Debug */,
				661ED8872BAF4AD400DC5E0F /* Release */,
			);
			defaultConfigurationIsVisible = 0;
			defaultConfigurationName = Release;
		};
		661ED8882BAF4AD400DC5E0F /* Build configuration list for PBXNativeTarget "AllerE" */ = {
			isa = XCConfigurationList;
			buildConfigurations = (
				661ED8892BAF4AD400DC5E0F /* Debug */,
				661ED88A2BAF4AD400DC5E0F /* Release */,
			);
			defaultConfigurationIsVisible = 0;
			defaultConfigurationName = Release;
		};
		661ED88B2BAF4AD400DC5E0F /* Build configuration list for PBXNativeTarget "AllerETests" */ = {
			isa = XCConfigurationList;
			buildConfigurations = (
				661ED88C2BAF4AD400DC5E0F /* Debug */,
				661ED88D2BAF4AD400DC5E0F /* Release */,
			);
			defaultConfigurationIsVisible = 0;
			defaultConfigurationName = Release;
		};
		661ED88E2BAF4AD400DC5E0F /* Build configuration list for PBXNativeTarget "AllerEUITests" */ = {
			isa = XCConfigurationList;
			buildConfigurations = (
				661ED88F2BAF4AD400DC5E0F /* Debug */,
				661ED8902BAF4AD400DC5E0F /* Release */,
			);
			defaultConfigurationIsVisible = 0;
			defaultConfigurationName = Release;
		};
/* End XCConfigurationList section */

/* Begin XCRemoteSwiftPackageReference section */
		661ED89D2BAFC8F500DC5E0F /* XCRemoteSwiftPackageReference "PythonKit" */ = {
			isa = XCRemoteSwiftPackageReference;
			repositoryURL = "https://github.com/pvieito/PythonKit.git";
			requirement = {
				branch = master;
				kind = branch;
			};
		};
/* End XCRemoteSwiftPackageReference section */

/* Begin XCSwiftPackageProductDependency section */
		661ED89E2BAFC8F500DC5E0F /* PythonKit */ = {
			isa = XCSwiftPackageProductDependency;
			package = 661ED89D2BAFC8F500DC5E0F /* XCRemoteSwiftPackageReference "PythonKit" */;
			productName = PythonKit;
		};
/* End XCSwiftPackageProductDependency section */
	};
	rootObject = 661ED85C2BAF4AD100DC5E0F /* Project object */;
}
